// !$*UTF8*$!
{
	archiveVersion = 1;
	classes = {
	};
	objectVersion = 46;
	objects = {

/* Begin PBXBuildFile section */
		47492F99182F32CC0086055C /* Foundation.framework in Frameworks */ = {isa = PBXBuildFile; fileRef = 47492F98182F32CC0086055C /* Foundation.framework */; };
		47492F9B182F32CC0086055C /* CoreGraphics.framework in Frameworks */ = {isa = PBXBuildFile; fileRef = 47492F9A182F32CC0086055C /* CoreGraphics.framework */; };
		47492F9D182F32CC0086055C /* UIKit.framework in Frameworks */ = {isa = PBXBuildFile; fileRef = 47492F9C182F32CC0086055C /* UIKit.framework */; };
		47492FA3182F32CC0086055C /* InfoPlist.strings in Resources */ = {isa = PBXBuildFile; fileRef = 47492FA1182F32CC0086055C /* InfoPlist.strings */; };
		47492FA5182F32CC0086055C /* main.m in Sources */ = {isa = PBXBuildFile; fileRef = 47492FA4182F32CC0086055C /* main.m */; };
		47492FA9182F32CC0086055C /* NSCAppDelegate.m in Sources */ = {isa = PBXBuildFile; fileRef = 47492FA8182F32CC0086055C /* NSCAppDelegate.m */; };
		47492FAC182F32CC0086055C /* Main.storyboard in Resources */ = {isa = PBXBuildFile; fileRef = 47492FAA182F32CC0086055C /* Main.storyboard */; };
		47492FAF182F32CC0086055C /* NSCViewController.m in Sources */ = {isa = PBXBuildFile; fileRef = 47492FAE182F32CC0086055C /* NSCViewController.m */; };
		47492FB1182F32CC0086055C /* Images.xcassets in Resources */ = {isa = PBXBuildFile; fileRef = 47492FB0182F32CC0086055C /* Images.xcassets */; };
		47492FB8182F32CC0086055C /* XCTest.framework in Frameworks */ = {isa = PBXBuildFile; fileRef = 47492FB7182F32CC0086055C /* XCTest.framework */; };
		47492FB9182F32CC0086055C /* Foundation.framework in Frameworks */ = {isa = PBXBuildFile; fileRef = 47492F98182F32CC0086055C /* Foundation.framework */; };
		47492FBA182F32CC0086055C /* UIKit.framework in Frameworks */ = {isa = PBXBuildFile; fileRef = 47492F9C182F32CC0086055C /* UIKit.framework */; };
		47492FC2182F32CC0086055C /* InfoPlist.strings in Resources */ = {isa = PBXBuildFile; fileRef = 47492FC0182F32CC0086055C /* InfoPlist.strings */; };
		47492FC4182F32CC0086055C /* getphotoTests.m in Sources */ = {isa = PBXBuildFile; fileRef = 47492FC3182F32CC0086055C /* getphotoTests.m */; };
/* End PBXBuildFile section */

/* Begin PBXContainerItemProxy section */
		47492FBB182F32CC0086055C /* PBXContainerItemProxy */ = {
			isa = PBXContainerItemProxy;
			containerPortal = 47492F8D182F32CC0086055C /* Project object */;
			proxyType = 1;
			remoteGlobalIDString = 47492F94182F32CC0086055C;
			remoteInfo = getphoto;
		};
/* End PBXContainerItemProxy section */

/* Begin PBXFileReference section */
		47492F95182F32CC0086055C /* getphoto.app */ = {isa = PBXFileReference; explicitFileType = wrapper.application; includeInIndex = 0; path = getphoto.app; sourceTree = BUILT_PRODUCTS_DIR; };
		47492F98182F32CC0086055C /* Foundation.framework */ = {isa = PBXFileReference; lastKnownFileType = wrapper.framework; name = Foundation.framework; path = System/Library/Frameworks/Foundation.framework; sourceTree = SDKROOT; };
		47492F9A182F32CC0086055C /* CoreGraphics.framework */ = {isa = PBXFileReference; lastKnownFileType = wrapper.framework; name = CoreGraphics.framework; path = System/Library/Frameworks/CoreGraphics.framework; sourceTree = SDKROOT; };
		47492F9C182F32CC0086055C /* UIKit.framework */ = {isa = PBXFileReference; lastKnownFileType = wrapper.framework; name = UIKit.framework; path = System/Library/Frameworks/UIKit.framework; sourceTree = SDKROOT; };
		47492FA0182F32CC0086055C /* getphoto-Info.plist */ = {isa = PBXFileReference; lastKnownFileType = text.plist.xml; path = "getphoto-Info.plist"; sourceTree = "<group>"; };
		47492FA2182F32CC0086055C /* en */ = {isa = PBXFileReference; lastKnownFileType = text.plist.strings; name = en; path = en.lproj/InfoPlist.strings; sourceTree = "<group>"; };
		47492FA4182F32CC0086055C /* main.m */ = {isa = PBXFileReference; lastKnownFileType = sourcecode.c.objc; path = main.m; sourceTree = "<group>"; };
		47492FA6182F32CC0086055C /* getphoto-Prefix.pch */ = {isa = PBXFileReference; lastKnownFileType = sourcecode.c.h; path = "getphoto-Prefix.pch"; sourceTree = "<group>"; };
		47492FA7182F32CC0086055C /* NSCAppDelegate.h */ = {isa = PBXFileReference; lastKnownFileType = sourcecode.c.h; path = NSCAppDelegate.h; sourceTree = "<group>"; };
		47492FA8182F32CC0086055C /* NSCAppDelegate.m */ = {isa = PBXFileReference; lastKnownFileType = sourcecode.c.objc; path = NSCAppDelegate.m; sourceTree = "<group>"; };
		47492FAB182F32CC0086055C /* Base */ = {isa = PBXFileReference; lastKnownFileType = file.storyboard; name = Base; path = Base.lproj/Main.storyboard; sourceTree = "<group>"; };
		47492FAD182F32CC0086055C /* NSCViewController.h */ = {isa = PBXFileReference; lastKnownFileType = sourcecode.c.h; path = NSCViewController.h; sourceTree = "<group>"; };
		47492FAE182F32CC0086055C /* NSCViewController.m */ = {isa = PBXFileReference; lastKnownFileType = sourcecode.c.objc; path = NSCViewController.m; sourceTree = "<group>"; };
		47492FB0182F32CC0086055C /* Images.xcassets */ = {isa = PBXFileReference; lastKnownFileType = folder.assetcatalog; path = Images.xcassets; sourceTree = "<group>"; };
		47492FB6182F32CC0086055C /* getphotoTests.xctest */ = {isa = PBXFileReference; explicitFileType = wrapper.cfbundle; includeInIndex = 0; path = getphotoTests.xctest; sourceTree = BUILT_PRODUCTS_DIR; };
		47492FB7182F32CC0086055C /* XCTest.framework */ = {isa = PBXFileReference; lastKnownFileType = wrapper.framework; name = XCTest.framework; path = Library/Frameworks/XCTest.framework; sourceTree = DEVELOPER_DIR; };
		47492FBF182F32CC0086055C /* getphotoTests-Info.plist */ = {isa = PBXFileReference; lastKnownFileType = text.plist.xml; path = "getphotoTests-Info.plist"; sourceTree = "<group>"; };
		47492FC1182F32CC0086055C /* en */ = {isa = PBXFileReference; lastKnownFileType = text.plist.strings; name = en; path = en.lproj/InfoPlist.strings; sourceTree = "<group>"; };
		47492FC3182F32CC0086055C /* getphotoTests.m */ = {isa = PBXFileReference; lastKnownFileType = sourcecode.c.objc; path = getphotoTests.m; sourceTree = "<group>"; };
/* End PBXFileReference section */

/* Begin PBXFrameworksBuildPhase section */
		47492F92182F32CC0086055C /* Frameworks */ = {
			isa = PBXFrameworksBuildPhase;
			buildActionMask = 2147483647;
			files = (
				47492F9B182F32CC0086055C /* CoreGraphics.framework in Frameworks */,
				47492F9D182F32CC0086055C /* UIKit.framework in Frameworks */,
				47492F99182F32CC0086055C /* Foundation.framework in Frameworks */,
			);
			runOnlyForDeploymentPostprocessing = 0;
		};
		47492FB3182F32CC0086055C /* Frameworks */ = {
			isa = PBXFrameworksBuildPhase;
			buildActionMask = 2147483647;
			files = (
				47492FB8182F32CC0086055C /* XCTest.framework in Frameworks */,
				47492FBA182F32CC0086055C /* UIKit.framework in Frameworks */,
				47492FB9182F32CC0086055C /* Foundation.framework in Frameworks */,
			);
			runOnlyForDeploymentPostprocessing = 0;
		};
/* End PBXFrameworksBuildPhase section */

/* Begin PBXGroup section */
		47492F8C182F32CC0086055C = {
			isa = PBXGroup;
			children = (
				47492F9E182F32CC0086055C /* getphoto */,
				47492FBD182F32CC0086055C /* getphotoTests */,
				47492F97182F32CC0086055C /* Frameworks */,
				47492F96182F32CC0086055C /* Products */,
			);
			sourceTree = "<group>";
		};
		47492F96182F32CC0086055C /* Products */ = {
			isa = PBXGroup;
			children = (
				47492F95182F32CC0086055C /* getphoto.app */,
				47492FB6182F32CC0086055C /* getphotoTests.xctest */,
			);
			name = Products;
			sourceTree = "<group>";
		};
		47492F97182F32CC0086055C /* Frameworks */ = {
			isa = PBXGroup;
			children = (
				47492F98182F32CC0086055C /* Foundation.framework */,
				47492F9A182F32CC0086055C /* CoreGraphics.framework */,
				47492F9C182F32CC0086055C /* UIKit.framework */,
				47492FB7182F32CC0086055C /* XCTest.framework */,
			);
			name = Frameworks;
			sourceTree = "<group>";
		};
		47492F9E182F32CC0086055C /* getphoto */ = {
			isa = PBXGroup;
			children = (
				47492FA7182F32CC0086055C /* NSCAppDelegate.h */,
				47492FA8182F32CC0086055C /* NSCAppDelegate.m */,
				47492FAA182F32CC0086055C /* Main.storyboard */,
				47492FAD182F32CC0086055C /* NSCViewController.h */,
				47492FAE182F32CC0086055C /* NSCViewController.m */,
				47492FB0182F32CC0086055C /* Images.xcassets */,
				47492F9F182F32CC0086055C /* Supporting Files */,
			);
			path = getphoto;
			sourceTree = "<group>";
		};
		47492F9F182F32CC0086055C /* Supporting Files */ = {
			isa = PBXGroup;
			children = (
				47492FA0182F32CC0086055C /* getphoto-Info.plist */,
				47492FA1182F32CC0086055C /* InfoPlist.strings */,
				47492FA4182F32CC0086055C /* main.m */,
				47492FA6182F32CC0086055C /* getphoto-Prefix.pch */,
			);
			name = "Supporting Files";
			sourceTree = "<group>";
		};
		47492FBD182F32CC0086055C /* getphotoTests */ = {
			isa = PBXGroup;
			children = (
				47492FC3182F32CC0086055C /* getphotoTests.m */,
				47492FBE182F32CC0086055C /* Supporting Files */,
			);
			path = getphotoTests;
			sourceTree = "<group>";
		};
		47492FBE182F32CC0086055C /* Supporting Files */ = {
			isa = PBXGroup;
			children = (
				47492FBF182F32CC0086055C /* getphotoTests-Info.plist */,
				47492FC0182F32CC0086055C /* InfoPlist.strings */,
			);
			name = "Supporting Files";
			sourceTree = "<group>";
		};
/* End PBXGroup section */

/* Begin PBXNativeTarget section */
		47492F94182F32CC0086055C /* getphoto */ = {
			isa = PBXNativeTarget;
			buildConfigurationList = 47492FC7182F32CC0086055C /* Build configuration list for PBXNativeTarget "getphoto" */;
			buildPhases = (
				47492F91182F32CC0086055C /* Sources */,
				47492F92182F32CC0086055C /* Frameworks */,
				47492F93182F32CC0086055C /* Resources */,
			);
			buildRules = (
			);
			dependencies = (
			);
			name = getphoto;
			productName = getphoto;
			productReference = 47492F95182F32CC0086055C /* getphoto.app */;
			productType = "com.apple.product-type.application";
		};
		47492FB5182F32CC0086055C /* getphotoTests */ = {
			isa = PBXNativeTarget;
			buildConfigurationList = 47492FCA182F32CC0086055C /* Build configuration list for PBXNativeTarget "getphotoTests" */;
			buildPhases = (
				47492FB2182F32CC0086055C /* Sources */,
				47492FB3182F32CC0086055C /* Frameworks */,
				47492FB4182F32CC0086055C /* Resources */,
			);
			buildRules = (
			);
			dependencies = (
				47492FBC182F32CC0086055C /* PBXTargetDependency */,
			);
			name = getphotoTests;
			productName = getphotoTests;
			productReference = 47492FB6182F32CC0086055C /* getphotoTests.xctest */;
			productType = "com.apple.product-type.bundle.unit-test";
		};
/* End PBXNativeTarget section */

/* Begin PBXProject section */
		47492F8D182F32CC0086055C /* Project object */ = {
			isa = PBXProject;
			attributes = {
				CLASSPREFIX = NSC;
				LastUpgradeCheck = 0500;
				ORGANIZATIONNAME = nsc;
				TargetAttributes = {
					47492FB5182F32CC0086055C = {
						TestTargetID = 47492F94182F32CC0086055C;
					};
				};
			};
			buildConfigurationList = 47492F90182F32CC0086055C /* Build configuration list for PBXProject "getphoto" */;
			compatibilityVersion = "Xcode 3.2";
			developmentRegion = English;
			hasScannedForEncodings = 0;
			knownRegions = (
				en,
				Base,
			);
			mainGroup = 47492F8C182F32CC0086055C;
			productRefGroup = 47492F96182F32CC0086055C /* Products */;
			projectDirPath = "";
			projectRoot = "";
			targets = (
				47492F94182F32CC0086055C /* getphoto */,
				47492FB5182F32CC0086055C /* getphotoTests */,
			);
		};
/* End PBXProject section */

/* Begin PBXResourcesBuildPhase section */
		47492F93182F32CC0086055C /* Resources */ = {
			isa = PBXResourcesBuildPhase;
			buildActionMask = 2147483647;
			files = (
				47492FB1182F32CC0086055C /* Images.xcassets in Resources */,
				47492FA3182F32CC0086055C /* InfoPlist.strings in Resources */,
				47492FAC182F32CC0086055C /* Main.storyboard in Resources */,
			);
			runOnlyForDeploymentPostprocessing = 0;
		};
		47492FB4182F32CC0086055C /* Resources */ = {
			isa = PBXResourcesBuildPhase;
			buildActionMask = 2147483647;
			files = (
				47492FC2182F32CC0086055C /* InfoPlist.strings in Resources */,
			);
			runOnlyForDeploymentPostprocessing = 0;
		};
/* End PBXResourcesBuildPhase section */

/* Begin PBXSourcesBuildPhase section */
		47492F91182F32CC0086055C /* Sources */ = {
			isa = PBXSourcesBuildPhase;
			buildActionMask = 2147483647;
			files = (
				47492FAF182F32CC0086055C /* NSCViewController.m in Sources */,
				47492FA5182F32CC0086055C /* main.m in Sources */,
				47492FA9182F32CC0086055C /* NSCAppDelegate.m in Sources */,
			);
			runOnlyForDeploymentPostprocessing = 0;
		};
		47492FB2182F32CC0086055C /* Sources */ = {
			isa = PBXSourcesBuildPhase;
			buildActionMask = 2147483647;
			files = (
				47492FC4182F32CC0086055C /* getphotoTests.m in Sources */,
			);
			runOnlyForDeploymentPostprocessing = 0;
		};
/* End PBXSourcesBuildPhase section */

/* Begin PBXTargetDependency section */
		47492FBC182F32CC0086055C /* PBXTargetDependency */ = {
			isa = PBXTargetDependency;
			target = 47492F94182F32CC0086055C /* getphoto */;
			targetProxy = 47492FBB182F32CC0086055C /* PBXContainerItemProxy */;
		};
/* End PBXTargetDependency section */

/* Begin PBXVariantGroup section */
		47492FA1182F32CC0086055C /* InfoPlist.strings */ = {
			isa = PBXVariantGroup;
			children = (
				47492FA2182F32CC0086055C /* en */,
			);
			name = InfoPlist.strings;
			sourceTree = "<group>";
		};
		47492FAA182F32CC0086055C /* Main.storyboard */ = {
			isa = PBXVariantGroup;
			children = (
				47492FAB182F32CC0086055C /* Base */,
			);
			name = Main.storyboard;
			sourceTree = "<group>";
		};
		47492FC0182F32CC0086055C /* InfoPlist.strings */ = {
			isa = PBXVariantGroup;
			children = (
				47492FC1182F32CC0086055C /* en */,
			);
			name = InfoPlist.strings;
			sourceTree = "<group>";
		};
/* End PBXVariantGroup section */

/* Begin XCBuildConfiguration section */
		47492FC5182F32CC0086055C /* Debug */ = {
			isa = XCBuildConfiguration;
			buildSettings = {
				ALWAYS_SEARCH_USER_PATHS = NO;
				ARCHS = "$(ARCHS_STANDARD_INCLUDING_64_BIT)";
				CLANG_CXX_LANGUAGE_STANDARD = "gnu++0x";
				CLANG_CXX_LIBRARY = "libc++";
				CLANG_ENABLE_MODULES = YES;
				CLANG_ENABLE_OBJC_ARC = YES;
				CLANG_WARN_BOOL_CONVERSION = YES;
				CLANG_WARN_CONSTANT_CONVERSION = YES;
				CLANG_WARN_DIRECT_OBJC_ISA_USAGE = YES_ERROR;
				CLANG_WARN_EMPTY_BODY = YES;
				CLANG_WARN_ENUM_CONVERSION = YES;
				CLANG_WARN_INT_CONVERSION = YES;
				CLANG_WARN_OBJC_ROOT_CLASS = YES_ERROR;
				CLANG_WARN__DUPLICATE_METHOD_MATCH = YES;
				"CODE_SIGN_IDENTITY[sdk=iphoneos*]" = "iPhone Developer";
				COPY_PHASE_STRIP = NO;
				GCC_C_LANGUAGE_STANDARD = gnu99;
				GCC_DYNAMIC_NO_PIC = NO;
				GCC_OPTIMIZATION_LEVEL = 0;
				GCC_PREPROCESSOR_DEFINITIONS = (
					"DEBUG=1",
					"$(inherited)",
				);
				GCC_SYMBOLS_PRIVATE_EXTERN = NO;
				GCC_WARN_64_TO_32_BIT_CONVERSION = YES;
				GCC_WARN_ABOUT_RETURN_TYPE = YES_ERROR;
				GCC_WARN_UNDECLARED_SELECTOR = YES;
				GCC_WARN_UNINITIALIZED_AUTOS = YES;
				GCC_WARN_UNUSED_FUNCTION = YES;
				GCC_WARN_UNUSED_VARIABLE = YES;
				IPHONEOS_DEPLOYMENT_TARGET = 7.0;
				ONLY_ACTIVE_ARCH = YES;
				SDKROOT = iphoneos;
			};
			name = Debug;
		};
		47492FC6182F32CC0086055C /* Release */ = {
			isa = XCBuildConfiguration;
			buildSettings = {
				ALWAYS_SEARCH_USER_PATHS = NO;
				ARCHS = "$(ARCHS_STANDARD_INCLUDING_64_BIT)";
				CLANG_CXX_LANGUAGE_STANDARD = "gnu++0x";
				CLANG_CXX_LIBRARY = "libc++";
				CLANG_ENABLE_MODULES = YES;
				CLANG_ENABLE_OBJC_ARC = YES;
				CLANG_WARN_BOOL_CONVERSION = YES;
				CLANG_WARN_CONSTANT_CONVERSION = YES;
				CLANG_WARN_DIRECT_OBJC_ISA_USAGE = YES_ERROR;
				CLANG_WARN_EMPTY_BODY = YES;
				CLANG_WARN_ENUM_CONVERSION = YES;
				CLANG_WARN_INT_CONVERSION = YES;
				CLANG_WARN_OBJC_ROOT_CLASS = YES_ERROR;
				CLANG_WARN__DUPLICATE_METHOD_MATCH = YES;
				"CODE_SIGN_IDENTITY[sdk=iphoneos*]" = "iPhone Developer";
				COPY_PHASE_STRIP = YES;
				ENABLE_NS_ASSERTIONS = NO;
				GCC_C_LANGUAGE_STANDARD = gnu99;
				GCC_WARN_64_TO_32_BIT_CONVERSION = YES;
				GCC_WARN_ABOUT_RETURN_TYPE = YES_ERROR;
				GCC_WARN_UNDECLARED_SELECTOR = YES;
				GCC_WARN_UNINITIALIZED_AUTOS = YES;
				GCC_WARN_UNUSED_FUNCTION = YES;
				GCC_WARN_UNUSED_VARIABLE = YES;
				IPHONEOS_DEPLOYMENT_TARGET = 7.0;
				SDKROOT = iphoneos;
				VALIDATE_PRODUCT = YES;
			};
			name = Release;
		};
		47492FC8182F32CC0086055C /* Debug */ = {
			isa = XCBuildConfiguration;
			buildSettings = {
				ASSETCATALOG_COMPILER_APPICON_NAME = AppIcon;
				ASSETCATALOG_COMPILER_LAUNCHIMAGE_NAME = LaunchImage;
				GCC_PRECOMPILE_PREFIX_HEADER = YES;
				GCC_PREFIX_HEADER = "getphoto/getphoto-Prefix.pch";
				INFOPLIST_FILE = "getphoto/getphoto-Info.plist";
				PRODUCT_NAME = "$(TARGET_NAME)";
				WRAPPER_EXTENSION = app;
			};
			name = Debug;
		};
		47492FC9182F32CC0086055C /* Release */ = {
			isa = XCBuildConfiguration;
			buildSettings = {
				ASSETCATALOG_COMPILER_APPICON_NAME = AppIcon;
				ASSETCATALOG_COMPILER_LAUNCHIMAGE_NAME = LaunchImage;
				GCC_PRECOMPILE_PREFIX_HEADER = YES;
				GCC_PREFIX_HEADER = "getphoto/getphoto-Prefix.pch";
				INFOPLIST_FILE = "getphoto/getphoto-Info.plist";
				PRODUCT_NAME = "$(TARGET_NAME)";
				WRAPPER_EXTENSION = app;
			};
			name = Release;
		};
		47492FCB182F32CC0086055C /* Debug */ = {
			isa = XCBuildConfiguration;
			buildSettings = {
				ARCHS = "$(ARCHS_STANDARD_INCLUDING_64_BIT)";
				BUNDLE_LOADER = "$(BUILT_PRODUCTS_DIR)/getphoto.app/getphoto";
				FRAMEWORK_SEARCH_PATHS = (
					"$(SDKROOT)/Developer/Library/Frameworks",
					"$(inherited)",
					"$(DEVELOPER_FRAMEWORKS_DIR)",
				);
				GCC_PRECOMPILE_PREFIX_HEADER = YES;
				GCC_PREFIX_HEADER = "getphoto/getphoto-Prefix.pch";
				GCC_PREPROCESSOR_DEFINITIONS = (
					"DEBUG=1",
					"$(inherited)",
				);
				INFOPLIST_FILE = "getphotoTests/getphotoTests-Info.plist";
				PRODUCT_NAME = "$(TARGET_NAME)";
				TEST_HOST = "$(BUNDLE_LOADER)";
				WRAPPER_EXTENSION = xctest;
			};
			name = Debug;
		};
		47492FCC182F32CC0086055C /* Release */ = {
			isa = XCBuildConfiguration;
			buildSettings = {
				ARCHS = "$(ARCHS_STANDARD_INCLUDING_64_BIT)";
				BUNDLE_LOADER = "$(BUILT_PRODUCTS_DIR)/getphoto.app/getphoto";
				FRAMEWORK_SEARCH_PATHS = (
					"$(SDKROOT)/Developer/Library/Frameworks",
					"$(inherited)",
					"$(DEVELOPER_FRAMEWORKS_DIR)",
				);
				GCC_PRECOMPILE_PREFIX_HEADER = YES;
				GCC_PREFIX_HEADER = "getphoto/getphoto-Prefix.pch";
				INFOPLIST_FILE = "getphotoTests/getphotoTests-Info.plist";
				PRODUCT_NAME = "$(TARGET_NAME)";
				TEST_HOST = "$(BUNDLE_LOADER)";
				WRAPPER_EXTENSION = xctest;
			};
			name = Release;
		};
/* End XCBuildConfiguration section */

/* Begin XCConfigurationList section */
		47492F90182F32CC0086055C /* Build configuration list for PBXProject "getphoto" */ = {
			isa = XCConfigurationList;
			buildConfigurations = (
				47492FC5182F32CC0086055C /* Debug */,
				47492FC6182F32CC0086055C /* Release */,
			);
			defaultConfigurationIsVisible = 0;
			defaultConfigurationName = Release;
		};
		47492FC7182F32CC0086055C /* Build configuration list for PBXNativeTarget "getphoto" */ = {
			isa = XCConfigurationList;
			buildConfigurations = (
				47492FC8182F32CC0086055C /* Debug */,
				47492FC9182F32CC0086055C /* Release */,
			);
			defaultConfigurationIsVisible = 0;
		};
		47492FCA182F32CC0086055C /* Build configuration list for PBXNativeTarget "getphotoTests" */ = {
			isa = XCConfigurationList;
			buildConfigurations = (
				47492FCB182F32CC0086055C /* Debug */,
				47492FCC182F32CC0086055C /* Release */,
			);
			defaultConfigurationIsVisible = 0;
		};
/* End XCConfigurationList section */
	};
	rootObject = 47492F8D182F32CC0086055C /* Project object */;
}
