// !$*UTF8*$!
{
	archiveVersion = 1;
	classes = {
	};
	objectVersion = 46;
	objects = {

/* Begin PBXBuildFile section */
		47984BD11828DF270096B67D /* libsqlite3.dylib in Frameworks */ = {isa = PBXBuildFile; fileRef = 47984BD01828DF270096B67D /* libsqlite3.dylib */; };
		47984BD41828E5730096B67D /* NXLoginViewController.m in Sources */ = {isa = PBXBuildFile; fileRef = 47984BD31828E5730096B67D /* NXLoginViewController.m */; };
		BA83444A18289FE300291B81 /* Foundation.framework in Frameworks */ = {isa = PBXBuildFile; fileRef = BA83444918289FE300291B81 /* Foundation.framework */; };
		BA83444C18289FE300291B81 /* CoreGraphics.framework in Frameworks */ = {isa = PBXBuildFile; fileRef = BA83444B18289FE300291B81 /* CoreGraphics.framework */; };
		BA83444E18289FE300291B81 /* UIKit.framework in Frameworks */ = {isa = PBXBuildFile; fileRef = BA83444D18289FE300291B81 /* UIKit.framework */; };
		BA83445418289FE300291B81 /* InfoPlist.strings in Resources */ = {isa = PBXBuildFile; fileRef = BA83445218289FE300291B81 /* InfoPlist.strings */; };
		BA83445618289FE300291B81 /* main.m in Sources */ = {isa = PBXBuildFile; fileRef = BA83445518289FE300291B81 /* main.m */; };
		BA83445A18289FE300291B81 /* NXAppDelegate.m in Sources */ = {isa = PBXBuildFile; fileRef = BA83445918289FE300291B81 /* NXAppDelegate.m */; };
		BA83445D18289FE300291B81 /* Main_iPhone.storyboard in Resources */ = {isa = PBXBuildFile; fileRef = BA83445B18289FE300291B81 /* Main_iPhone.storyboard */; };
		BA83446018289FE300291B81 /* Main_iPad.storyboard in Resources */ = {isa = PBXBuildFile; fileRef = BA83445E18289FE300291B81 /* Main_iPad.storyboard */; };
		BA83446318289FE300291B81 /* NXViewController.m in Sources */ = {isa = PBXBuildFile; fileRef = BA83446218289FE300291B81 /* NXViewController.m */; };
		BA83446518289FE300291B81 /* Images.xcassets in Resources */ = {isa = PBXBuildFile; fileRef = BA83446418289FE300291B81 /* Images.xcassets */; };
		BA83446C18289FE300291B81 /* XCTest.framework in Frameworks */ = {isa = PBXBuildFile; fileRef = BA83446B18289FE300291B81 /* XCTest.framework */; };
		BA83446D18289FE300291B81 /* Foundation.framework in Frameworks */ = {isa = PBXBuildFile; fileRef = BA83444918289FE300291B81 /* Foundation.framework */; };
		BA83446E18289FE300291B81 /* UIKit.framework in Frameworks */ = {isa = PBXBuildFile; fileRef = BA83444D18289FE300291B81 /* UIKit.framework */; };
		BA83447618289FE300291B81 /* InfoPlist.strings in Resources */ = {isa = PBXBuildFile; fileRef = BA83447418289FE300291B81 /* InfoPlist.strings */; };
		BA83447818289FE300291B81 /* socialTests.m in Sources */ = {isa = PBXBuildFile; fileRef = BA83447718289FE300291B81 /* socialTests.m */; };
		BA8344C51828D3D400291B81 /* AFHTTPRequestOperation.m in Sources */ = {isa = PBXBuildFile; fileRef = BA8344871828D3D400291B81 /* AFHTTPRequestOperation.m */; };
		BA8344C61828D3D400291B81 /* AFHTTPRequestOperationManager.m in Sources */ = {isa = PBXBuildFile; fileRef = BA8344891828D3D400291B81 /* AFHTTPRequestOperationManager.m */; };
		BA8344C71828D3D400291B81 /* AFHTTPSessionManager.m in Sources */ = {isa = PBXBuildFile; fileRef = BA83448B1828D3D400291B81 /* AFHTTPSessionManager.m */; };
		BA8344C81828D3D400291B81 /* AFNetworkReachabilityManager.m in Sources */ = {isa = PBXBuildFile; fileRef = BA83448E1828D3D400291B81 /* AFNetworkReachabilityManager.m */; };
		BA8344C91828D3D400291B81 /* AFSecurityPolicy.m in Sources */ = {isa = PBXBuildFile; fileRef = BA8344901828D3D400291B81 /* AFSecurityPolicy.m */; };
		BA8344CA1828D3D400291B81 /* AFURLConnectionOperation.m in Sources */ = {isa = PBXBuildFile; fileRef = BA8344921828D3D400291B81 /* AFURLConnectionOperation.m */; };
		BA8344CB1828D3D400291B81 /* AFURLRequestSerialization.m in Sources */ = {isa = PBXBuildFile; fileRef = BA8344941828D3D400291B81 /* AFURLRequestSerialization.m */; };
		BA8344CC1828D3D400291B81 /* AFURLResponseSerialization.m in Sources */ = {isa = PBXBuildFile; fileRef = BA8344961828D3D400291B81 /* AFURLResponseSerialization.m */; };
		BA8344CD1828D3D400291B81 /* AFURLSessionManager.m in Sources */ = {isa = PBXBuildFile; fileRef = BA8344981828D3D400291B81 /* AFURLSessionManager.m */; };
		BA8344CE1828D3D400291B81 /* GCDAsyncSocket.m in Sources */ = {isa = PBXBuildFile; fileRef = BA83449B1828D3D400291B81 /* GCDAsyncSocket.m */; };
		BA8344CF1828D3D400291B81 /* GCDAsyncUdpSocket.m in Sources */ = {isa = PBXBuildFile; fileRef = BA83449D1828D3D400291B81 /* GCDAsyncUdpSocket.m */; };
		BA8344D01828D3D400291B81 /* FMDatabase.m in Sources */ = {isa = PBXBuildFile; fileRef = BA8344A01828D3D400291B81 /* FMDatabase.m */; };
		BA8344D11828D3D400291B81 /* FMDatabaseAdditions.m in Sources */ = {isa = PBXBuildFile; fileRef = BA8344A21828D3D400291B81 /* FMDatabaseAdditions.m */; };
		BA8344D21828D3D400291B81 /* FMDatabasePool.m in Sources */ = {isa = PBXBuildFile; fileRef = BA8344A41828D3D400291B81 /* FMDatabasePool.m */; };
		BA8344D31828D3D400291B81 /* FMDatabaseQueue.m in Sources */ = {isa = PBXBuildFile; fileRef = BA8344A61828D3D400291B81 /* FMDatabaseQueue.m */; };
		BA8344D51828D3D400291B81 /* FMResultSet.m in Sources */ = {isa = PBXBuildFile; fileRef = BA8344A91828D3D400291B81 /* FMResultSet.m */; };
		BA8344D61828D3D400291B81 /* AFNetworkActivityIndicatorManager.m in Sources */ = {isa = PBXBuildFile; fileRef = BA8344AC1828D3D400291B81 /* AFNetworkActivityIndicatorManager.m */; };
		BA8344D71828D3D400291B81 /* UIActivityIndicatorView+AFNetworking.m in Sources */ = {isa = PBXBuildFile; fileRef = BA8344AE1828D3D400291B81 /* UIActivityIndicatorView+AFNetworking.m */; };
		BA8344D81828D3D400291B81 /* UIAlertView+AFNetworking.m in Sources */ = {isa = PBXBuildFile; fileRef = BA8344B01828D3D400291B81 /* UIAlertView+AFNetworking.m */; };
		BA8344D91828D3D400291B81 /* UIButton+AFNetworking.m in Sources */ = {isa = PBXBuildFile; fileRef = BA8344B21828D3D400291B81 /* UIButton+AFNetworking.m */; };
		BA8344DA1828D3D400291B81 /* UIImageView+AFNetworking.m in Sources */ = {isa = PBXBuildFile; fileRef = BA8344B41828D3D400291B81 /* UIImageView+AFNetworking.m */; };
		BA8344DB1828D3D400291B81 /* UIProgressView+AFNetworking.m in Sources */ = {isa = PBXBuildFile; fileRef = BA8344B71828D3D400291B81 /* UIProgressView+AFNetworking.m */; };
		BA8344DC1828D3D400291B81 /* UIWebView+AFNetworking.m in Sources */ = {isa = PBXBuildFile; fileRef = BA8344B91828D3D400291B81 /* UIWebView+AFNetworking.m */; };
		BA8344DD1828D3D400291B81 /* Underscore+Functional.m in Sources */ = {isa = PBXBuildFile; fileRef = BA8344BC1828D3D400291B81 /* Underscore+Functional.m */; };
		BA8344DE1828D3D400291B81 /* Underscore.m in Sources */ = {isa = PBXBuildFile; fileRef = BA8344BF1828D3D400291B81 /* Underscore.m */; };
		BA8344DF1828D3D400291B81 /* USArrayWrapper.m in Sources */ = {isa = PBXBuildFile; fileRef = BA8344C11828D3D400291B81 /* USArrayWrapper.m */; };
		BA8344E01828D3D400291B81 /* USDictionaryWrapper.m in Sources */ = {isa = PBXBuildFile; fileRef = BA8344C41828D3D400291B81 /* USDictionaryWrapper.m */; };
/* End PBXBuildFile section */

/* Begin PBXContainerItemProxy section */
		BA83446F18289FE300291B81 /* PBXContainerItemProxy */ = {
			isa = PBXContainerItemProxy;
			containerPortal = BA83443E18289FE300291B81 /* Project object */;
			proxyType = 1;
			remoteGlobalIDString = BA83444518289FE300291B81;
			remoteInfo = social;
		};
/* End PBXContainerItemProxy section */

/* Begin PBXFileReference section */
		47984BD01828DF270096B67D /* libsqlite3.dylib */ = {isa = PBXFileReference; lastKnownFileType = "compiled.mach-o.dylib"; name = libsqlite3.dylib; path = usr/lib/libsqlite3.dylib; sourceTree = SDKROOT; };
		47984BD21828E5730096B67D /* NXLoginViewController.h */ = {isa = PBXFileReference; fileEncoding = 4; lastKnownFileType = sourcecode.c.h; path = NXLoginViewController.h; sourceTree = SOURCE_ROOT; };
		47984BD31828E5730096B67D /* NXLoginViewController.m */ = {isa = PBXFileReference; fileEncoding = 4; lastKnownFileType = sourcecode.c.objc; path = NXLoginViewController.m; sourceTree = SOURCE_ROOT; };
		BA83444618289FE300291B81 /* social.app */ = {isa = PBXFileReference; explicitFileType = wrapper.application; includeInIndex = 0; path = social.app; sourceTree = BUILT_PRODUCTS_DIR; };
		BA83444918289FE300291B81 /* Foundation.framework */ = {isa = PBXFileReference; lastKnownFileType = wrapper.framework; name = Foundation.framework; path = System/Library/Frameworks/Foundation.framework; sourceTree = SDKROOT; };
		BA83444B18289FE300291B81 /* CoreGraphics.framework */ = {isa = PBXFileReference; lastKnownFileType = wrapper.framework; name = CoreGraphics.framework; path = System/Library/Frameworks/CoreGraphics.framework; sourceTree = SDKROOT; };
		BA83444D18289FE300291B81 /* UIKit.framework */ = {isa = PBXFileReference; lastKnownFileType = wrapper.framework; name = UIKit.framework; path = System/Library/Frameworks/UIKit.framework; sourceTree = SDKROOT; };
		BA83445118289FE300291B81 /* social-Info.plist */ = {isa = PBXFileReference; lastKnownFileType = text.plist.xml; path = "social-Info.plist"; sourceTree = "<group>"; };
		BA83445318289FE300291B81 /* en */ = {isa = PBXFileReference; lastKnownFileType = text.plist.strings; name = en; path = en.lproj/InfoPlist.strings; sourceTree = "<group>"; };
		BA83445518289FE300291B81 /* main.m */ = {isa = PBXFileReference; lastKnownFileType = sourcecode.c.objc; path = main.m; sourceTree = "<group>"; };
		BA83445718289FE300291B81 /* social-Prefix.pch */ = {isa = PBXFileReference; lastKnownFileType = sourcecode.c.h; path = "social-Prefix.pch"; sourceTree = "<group>"; };
		BA83445818289FE300291B81 /* NXAppDelegate.h */ = {isa = PBXFileReference; lastKnownFileType = sourcecode.c.h; path = NXAppDelegate.h; sourceTree = "<group>"; };
		BA83445918289FE300291B81 /* NXAppDelegate.m */ = {isa = PBXFileReference; lastKnownFileType = sourcecode.c.objc; path = NXAppDelegate.m; sourceTree = "<group>"; };
		BA83445C18289FE300291B81 /* Base */ = {isa = PBXFileReference; lastKnownFileType = file.storyboard; name = Base; path = Base.lproj/Main_iPhone.storyboard; sourceTree = "<group>"; };
		BA83445F18289FE300291B81 /* Base */ = {isa = PBXFileReference; lastKnownFileType = file.storyboard; name = Base; path = Base.lproj/Main_iPad.storyboard; sourceTree = "<group>"; };
		BA83446118289FE300291B81 /* NXViewController.h */ = {isa = PBXFileReference; lastKnownFileType = sourcecode.c.h; path = NXViewController.h; sourceTree = "<group>"; };
		BA83446218289FE300291B81 /* NXViewController.m */ = {isa = PBXFileReference; lastKnownFileType = sourcecode.c.objc; path = NXViewController.m; sourceTree = "<group>"; };
		BA83446418289FE300291B81 /* Images.xcassets */ = {isa = PBXFileReference; lastKnownFileType = folder.assetcatalog; path = Images.xcassets; sourceTree = "<group>"; };
		BA83446A18289FE300291B81 /* socialTests.xctest */ = {isa = PBXFileReference; explicitFileType = wrapper.cfbundle; includeInIndex = 0; path = socialTests.xctest; sourceTree = BUILT_PRODUCTS_DIR; };
		BA83446B18289FE300291B81 /* XCTest.framework */ = {isa = PBXFileReference; lastKnownFileType = wrapper.framework; name = XCTest.framework; path = Library/Frameworks/XCTest.framework; sourceTree = DEVELOPER_DIR; };
		BA83447318289FE300291B81 /* socialTests-Info.plist */ = {isa = PBXFileReference; lastKnownFileType = text.plist.xml; path = "socialTests-Info.plist"; sourceTree = "<group>"; };
		BA83447518289FE300291B81 /* en */ = {isa = PBXFileReference; lastKnownFileType = text.plist.strings; name = en; path = en.lproj/InfoPlist.strings; sourceTree = "<group>"; };
		BA83447718289FE300291B81 /* socialTests.m */ = {isa = PBXFileReference; lastKnownFileType = sourcecode.c.objc; path = socialTests.m; sourceTree = "<group>"; };
		BA8344861828D3D400291B81 /* AFHTTPRequestOperation.h */ = {isa = PBXFileReference; fileEncoding = 4; lastKnownFileType = sourcecode.c.h; path = AFHTTPRequestOperation.h; sourceTree = "<group>"; };
		BA8344871828D3D400291B81 /* AFHTTPRequestOperation.m */ = {isa = PBXFileReference; fileEncoding = 4; lastKnownFileType = sourcecode.c.objc; path = AFHTTPRequestOperation.m; sourceTree = "<group>"; };
		BA8344881828D3D400291B81 /* AFHTTPRequestOperationManager.h */ = {isa = PBXFileReference; fileEncoding = 4; lastKnownFileType = sourcecode.c.h; path = AFHTTPRequestOperationManager.h; sourceTree = "<group>"; };
		BA8344891828D3D400291B81 /* AFHTTPRequestOperationManager.m */ = {isa = PBXFileReference; fileEncoding = 4; lastKnownFileType = sourcecode.c.objc; path = AFHTTPRequestOperationManager.m; sourceTree = "<group>"; };
		BA83448A1828D3D400291B81 /* AFHTTPSessionManager.h */ = {isa = PBXFileReference; fileEncoding = 4; lastKnownFileType = sourcecode.c.h; path = AFHTTPSessionManager.h; sourceTree = "<group>"; };
		BA83448B1828D3D400291B81 /* AFHTTPSessionManager.m */ = {isa = PBXFileReference; fileEncoding = 4; lastKnownFileType = sourcecode.c.objc; path = AFHTTPSessionManager.m; sourceTree = "<group>"; };
		BA83448C1828D3D400291B81 /* AFNetworking.h */ = {isa = PBXFileReference; fileEncoding = 4; lastKnownFileType = sourcecode.c.h; path = AFNetworking.h; sourceTree = "<group>"; };
		BA83448D1828D3D400291B81 /* AFNetworkReachabilityManager.h */ = {isa = PBXFileReference; fileEncoding = 4; lastKnownFileType = sourcecode.c.h; path = AFNetworkReachabilityManager.h; sourceTree = "<group>"; };
		BA83448E1828D3D400291B81 /* AFNetworkReachabilityManager.m */ = {isa = PBXFileReference; fileEncoding = 4; lastKnownFileType = sourcecode.c.objc; path = AFNetworkReachabilityManager.m; sourceTree = "<group>"; };
		BA83448F1828D3D400291B81 /* AFSecurityPolicy.h */ = {isa = PBXFileReference; fileEncoding = 4; lastKnownFileType = sourcecode.c.h; path = AFSecurityPolicy.h; sourceTree = "<group>"; };
		BA8344901828D3D400291B81 /* AFSecurityPolicy.m */ = {isa = PBXFileReference; fileEncoding = 4; lastKnownFileType = sourcecode.c.objc; path = AFSecurityPolicy.m; sourceTree = "<group>"; };
		BA8344911828D3D400291B81 /* AFURLConnectionOperation.h */ = {isa = PBXFileReference; fileEncoding = 4; lastKnownFileType = sourcecode.c.h; path = AFURLConnectionOperation.h; sourceTree = "<group>"; };
		BA8344921828D3D400291B81 /* AFURLConnectionOperation.m */ = {isa = PBXFileReference; fileEncoding = 4; lastKnownFileType = sourcecode.c.objc; path = AFURLConnectionOperation.m; sourceTree = "<group>"; };
		BA8344931828D3D400291B81 /* AFURLRequestSerialization.h */ = {isa = PBXFileReference; fileEncoding = 4; lastKnownFileType = sourcecode.c.h; path = AFURLRequestSerialization.h; sourceTree = "<group>"; };
		BA8344941828D3D400291B81 /* AFURLRequestSerialization.m */ = {isa = PBXFileReference; fileEncoding = 4; lastKnownFileType = sourcecode.c.objc; path = AFURLRequestSerialization.m; sourceTree = "<group>"; };
		BA8344951828D3D400291B81 /* AFURLResponseSerialization.h */ = {isa = PBXFileReference; fileEncoding = 4; lastKnownFileType = sourcecode.c.h; path = AFURLResponseSerialization.h; sourceTree = "<group>"; };
		BA8344961828D3D400291B81 /* AFURLResponseSerialization.m */ = {isa = PBXFileReference; fileEncoding = 4; lastKnownFileType = sourcecode.c.objc; path = AFURLResponseSerialization.m; sourceTree = "<group>"; };
		BA8344971828D3D400291B81 /* AFURLSessionManager.h */ = {isa = PBXFileReference; fileEncoding = 4; lastKnownFileType = sourcecode.c.h; path = AFURLSessionManager.h; sourceTree = "<group>"; };
		BA8344981828D3D400291B81 /* AFURLSessionManager.m */ = {isa = PBXFileReference; fileEncoding = 4; lastKnownFileType = sourcecode.c.objc; path = AFURLSessionManager.m; sourceTree = "<group>"; };
		BA83449A1828D3D400291B81 /* GCDAsyncSocket.h */ = {isa = PBXFileReference; fileEncoding = 4; lastKnownFileType = sourcecode.c.h; path = GCDAsyncSocket.h; sourceTree = "<group>"; };
		BA83449B1828D3D400291B81 /* GCDAsyncSocket.m */ = {isa = PBXFileReference; fileEncoding = 4; lastKnownFileType = sourcecode.c.objc; path = GCDAsyncSocket.m; sourceTree = "<group>"; };
		BA83449C1828D3D400291B81 /* GCDAsyncUdpSocket.h */ = {isa = PBXFileReference; fileEncoding = 4; lastKnownFileType = sourcecode.c.h; path = GCDAsyncUdpSocket.h; sourceTree = "<group>"; };
		BA83449D1828D3D400291B81 /* GCDAsyncUdpSocket.m */ = {isa = PBXFileReference; fileEncoding = 4; lastKnownFileType = sourcecode.c.objc; path = GCDAsyncUdpSocket.m; sourceTree = "<group>"; };
		BA83449F1828D3D400291B81 /* FMDatabase.h */ = {isa = PBXFileReference; fileEncoding = 4; lastKnownFileType = sourcecode.c.h; path = FMDatabase.h; sourceTree = "<group>"; };
		BA8344A01828D3D400291B81 /* FMDatabase.m */ = {isa = PBXFileReference; fileEncoding = 4; lastKnownFileType = sourcecode.c.objc; path = FMDatabase.m; sourceTree = "<group>"; };
		BA8344A11828D3D400291B81 /* FMDatabaseAdditions.h */ = {isa = PBXFileReference; fileEncoding = 4; lastKnownFileType = sourcecode.c.h; path = FMDatabaseAdditions.h; sourceTree = "<group>"; };
		BA8344A21828D3D400291B81 /* FMDatabaseAdditions.m */ = {isa = PBXFileReference; fileEncoding = 4; lastKnownFileType = sourcecode.c.objc; path = FMDatabaseAdditions.m; sourceTree = "<group>"; };
		BA8344A31828D3D400291B81 /* FMDatabasePool.h */ = {isa = PBXFileReference; fileEncoding = 4; lastKnownFileType = sourcecode.c.h; path = FMDatabasePool.h; sourceTree = "<group>"; };
		BA8344A41828D3D400291B81 /* FMDatabasePool.m */ = {isa = PBXFileReference; fileEncoding = 4; lastKnownFileType = sourcecode.c.objc; path = FMDatabasePool.m; sourceTree = "<group>"; };
		BA8344A51828D3D400291B81 /* FMDatabaseQueue.h */ = {isa = PBXFileReference; fileEncoding = 4; lastKnownFileType = sourcecode.c.h; path = FMDatabaseQueue.h; sourceTree = "<group>"; };
		BA8344A61828D3D400291B81 /* FMDatabaseQueue.m */ = {isa = PBXFileReference; fileEncoding = 4; lastKnownFileType = sourcecode.c.objc; path = FMDatabaseQueue.m; sourceTree = "<group>"; };
		BA8344A81828D3D400291B81 /* FMResultSet.h */ = {isa = PBXFileReference; fileEncoding = 4; lastKnownFileType = sourcecode.c.h; path = FMResultSet.h; sourceTree = "<group>"; };
		BA8344A91828D3D400291B81 /* FMResultSet.m */ = {isa = PBXFileReference; fileEncoding = 4; lastKnownFileType = sourcecode.c.objc; path = FMResultSet.m; sourceTree = "<group>"; };
		BA8344AB1828D3D400291B81 /* AFNetworkActivityIndicatorManager.h */ = {isa = PBXFileReference; fileEncoding = 4; lastKnownFileType = sourcecode.c.h; path = AFNetworkActivityIndicatorManager.h; sourceTree = "<group>"; };
		BA8344AC1828D3D400291B81 /* AFNetworkActivityIndicatorManager.m */ = {isa = PBXFileReference; fileEncoding = 4; lastKnownFileType = sourcecode.c.objc; path = AFNetworkActivityIndicatorManager.m; sourceTree = "<group>"; };
		BA8344AD1828D3D400291B81 /* UIActivityIndicatorView+AFNetworking.h */ = {isa = PBXFileReference; fileEncoding = 4; lastKnownFileType = sourcecode.c.h; path = "UIActivityIndicatorView+AFNetworking.h"; sourceTree = "<group>"; };
		BA8344AE1828D3D400291B81 /* UIActivityIndicatorView+AFNetworking.m */ = {isa = PBXFileReference; fileEncoding = 4; lastKnownFileType = sourcecode.c.objc; path = "UIActivityIndicatorView+AFNetworking.m"; sourceTree = "<group>"; };
		BA8344AF1828D3D400291B81 /* UIAlertView+AFNetworking.h */ = {isa = PBXFileReference; fileEncoding = 4; lastKnownFileType = sourcecode.c.h; path = "UIAlertView+AFNetworking.h"; sourceTree = "<group>"; };
		BA8344B01828D3D400291B81 /* UIAlertView+AFNetworking.m */ = {isa = PBXFileReference; fileEncoding = 4; lastKnownFileType = sourcecode.c.objc; path = "UIAlertView+AFNetworking.m"; sourceTree = "<group>"; };
		BA8344B11828D3D400291B81 /* UIButton+AFNetworking.h */ = {isa = PBXFileReference; fileEncoding = 4; lastKnownFileType = sourcecode.c.h; path = "UIButton+AFNetworking.h"; sourceTree = "<group>"; };
		BA8344B21828D3D400291B81 /* UIButton+AFNetworking.m */ = {isa = PBXFileReference; fileEncoding = 4; lastKnownFileType = sourcecode.c.objc; path = "UIButton+AFNetworking.m"; sourceTree = "<group>"; };
		BA8344B31828D3D400291B81 /* UIImageView+AFNetworking.h */ = {isa = PBXFileReference; fileEncoding = 4; lastKnownFileType = sourcecode.c.h; path = "UIImageView+AFNetworking.h"; sourceTree = "<group>"; };
		BA8344B41828D3D400291B81 /* UIImageView+AFNetworking.m */ = {isa = PBXFileReference; fileEncoding = 4; lastKnownFileType = sourcecode.c.objc; path = "UIImageView+AFNetworking.m"; sourceTree = "<group>"; };
		BA8344B51828D3D400291B81 /* UIKit+AFNetworking.h */ = {isa = PBXFileReference; fileEncoding = 4; lastKnownFileType = sourcecode.c.h; path = "UIKit+AFNetworking.h"; sourceTree = "<group>"; };
		BA8344B61828D3D400291B81 /* UIProgressView+AFNetworking.h */ = {isa = PBXFileReference; fileEncoding = 4; lastKnownFileType = sourcecode.c.h; path = "UIProgressView+AFNetworking.h"; sourceTree = "<group>"; };
		BA8344B71828D3D400291B81 /* UIProgressView+AFNetworking.m */ = {isa = PBXFileReference; fileEncoding = 4; lastKnownFileType = sourcecode.c.objc; path = "UIProgressView+AFNetworking.m"; sourceTree = "<group>"; };
		BA8344B81828D3D400291B81 /* UIWebView+AFNetworking.h */ = {isa = PBXFileReference; fileEncoding = 4; lastKnownFileType = sourcecode.c.h; path = "UIWebView+AFNetworking.h"; sourceTree = "<group>"; };
		BA8344B91828D3D400291B81 /* UIWebView+AFNetworking.m */ = {isa = PBXFileReference; fileEncoding = 4; lastKnownFileType = sourcecode.c.objc; path = "UIWebView+AFNetworking.m"; sourceTree = "<group>"; };
		BA8344BB1828D3D400291B81 /* Underscore+Functional.h */ = {isa = PBXFileReference; fileEncoding = 4; lastKnownFileType = sourcecode.c.h; path = "Underscore+Functional.h"; sourceTree = "<group>"; };
		BA8344BC1828D3D400291B81 /* Underscore+Functional.m */ = {isa = PBXFileReference; fileEncoding = 4; lastKnownFileType = sourcecode.c.objc; path = "Underscore+Functional.m"; sourceTree = "<group>"; };
		BA8344BD1828D3D400291B81 /* Underscore-Prefix.pch */ = {isa = PBXFileReference; fileEncoding = 4; lastKnownFileType = sourcecode.c.h; path = "Underscore-Prefix.pch"; sourceTree = "<group>"; };
		BA8344BE1828D3D400291B81 /* Underscore.h */ = {isa = PBXFileReference; fileEncoding = 4; lastKnownFileType = sourcecode.c.h; path = Underscore.h; sourceTree = "<group>"; };
		BA8344BF1828D3D400291B81 /* Underscore.m */ = {isa = PBXFileReference; fileEncoding = 4; lastKnownFileType = sourcecode.c.objc; path = Underscore.m; sourceTree = "<group>"; };
		BA8344C01828D3D400291B81 /* USArrayWrapper.h */ = {isa = PBXFileReference; fileEncoding = 4; lastKnownFileType = sourcecode.c.h; path = USArrayWrapper.h; sourceTree = "<group>"; };
		BA8344C11828D3D400291B81 /* USArrayWrapper.m */ = {isa = PBXFileReference; fileEncoding = 4; lastKnownFileType = sourcecode.c.objc; path = USArrayWrapper.m; sourceTree = "<group>"; };
		BA8344C21828D3D400291B81 /* USConstants.h */ = {isa = PBXFileReference; fileEncoding = 4; lastKnownFileType = sourcecode.c.h; path = USConstants.h; sourceTree = "<group>"; };
		BA8344C31828D3D400291B81 /* USDictionaryWrapper.h */ = {isa = PBXFileReference; fileEncoding = 4; lastKnownFileType = sourcecode.c.h; path = USDictionaryWrapper.h; sourceTree = "<group>"; };
		BA8344C41828D3D400291B81 /* USDictionaryWrapper.m */ = {isa = PBXFileReference; fileEncoding = 4; lastKnownFileType = sourcecode.c.objc; path = USDictionaryWrapper.m; sourceTree = "<group>"; };
/* End PBXFileReference section */

/* Begin PBXFrameworksBuildPhase section */
		BA83444318289FE300291B81 /* Frameworks */ = {
			isa = PBXFrameworksBuildPhase;
			buildActionMask = 2147483647;
			files = (
				47984BD11828DF270096B67D /* libsqlite3.dylib in Frameworks */,
				BA83444C18289FE300291B81 /* CoreGraphics.framework in Frameworks */,
				BA83444E18289FE300291B81 /* UIKit.framework in Frameworks */,
				BA83444A18289FE300291B81 /* Foundation.framework in Frameworks */,
			);
			runOnlyForDeploymentPostprocessing = 0;
		};
		BA83446718289FE300291B81 /* Frameworks */ = {
			isa = PBXFrameworksBuildPhase;
			buildActionMask = 2147483647;
			files = (
				BA83446C18289FE300291B81 /* XCTest.framework in Frameworks */,
				BA83446E18289FE300291B81 /* UIKit.framework in Frameworks */,
				BA83446D18289FE300291B81 /* Foundation.framework in Frameworks */,
			);
			runOnlyForDeploymentPostprocessing = 0;
		};
/* End PBXFrameworksBuildPhase section */

/* Begin PBXGroup section */
		BA83443D18289FE300291B81 = {
			isa = PBXGroup;
			children = (
				BA83444F18289FE300291B81 /* app */,
				BA83447118289FE300291B81 /* appTests */,
				BA83444818289FE300291B81 /* Frameworks */,
				BA83444718289FE300291B81 /* Products */,
			);
			sourceTree = "<group>";
		};
		BA83444718289FE300291B81 /* Products */ = {
			isa = PBXGroup;
			children = (
				BA83444618289FE300291B81 /* social.app */,
				BA83446A18289FE300291B81 /* socialTests.xctest */,
			);
			name = Products;
			sourceTree = "<group>";
		};
		BA83444818289FE300291B81 /* Frameworks */ = {
			isa = PBXGroup;
			children = (
				47984BD01828DF270096B67D /* libsqlite3.dylib */,
				BA83444918289FE300291B81 /* Foundation.framework */,
				BA83444B18289FE300291B81 /* CoreGraphics.framework */,
				BA83444D18289FE300291B81 /* UIKit.framework */,
				BA83446B18289FE300291B81 /* XCTest.framework */,
			);
			name = Frameworks;
			sourceTree = "<group>";
		};
		BA83444F18289FE300291B81 /* app */ = {
			isa = PBXGroup;
			children = (
				BA8344811828A0B900291B81 /* controllers */,
				BA8344821828A0B900291B81 /* models */,
				BA8344831828A0B900291B81 /* vendors */,
				BA8344841828A0B900291B81 /* views */,
				BA83445818289FE300291B81 /* NXAppDelegate.h */,
				BA83445918289FE300291B81 /* NXAppDelegate.m */,
				BA83445B18289FE300291B81 /* Main_iPhone.storyboard */,
				BA83445E18289FE300291B81 /* Main_iPad.storyboard */,
				BA83446118289FE300291B81 /* NXViewController.h */,
				BA83446218289FE300291B81 /* NXViewController.m */,
				BA83446418289FE300291B81 /* Images.xcassets */,
				BA83445018289FE300291B81 /* Supporting Files */,
			);
			name = app;
			path = social;
			sourceTree = "<group>";
		};
		BA83445018289FE300291B81 /* Supporting Files */ = {
			isa = PBXGroup;
			children = (
				BA83445118289FE300291B81 /* social-Info.plist */,
				BA83445218289FE300291B81 /* InfoPlist.strings */,
				BA83445518289FE300291B81 /* main.m */,
				BA83445718289FE300291B81 /* social-Prefix.pch */,
			);
			name = "Supporting Files";
			sourceTree = "<group>";
		};
		BA83447118289FE300291B81 /* appTests */ = {
			isa = PBXGroup;
			children = (
				BA83447718289FE300291B81 /* socialTests.m */,
				BA83447218289FE300291B81 /* Supporting Files */,
			);
			name = appTests;
			path = socialTests;
			sourceTree = "<group>";
		};
		BA83447218289FE300291B81 /* Supporting Files */ = {
			isa = PBXGroup;
			children = (
				BA83447318289FE300291B81 /* socialTests-Info.plist */,
				BA83447418289FE300291B81 /* InfoPlist.strings */,
			);
			name = "Supporting Files";
			sourceTree = "<group>";
		};
		BA8344811828A0B900291B81 /* controllers */ = {
			isa = PBXGroup;
			children = (
				47984BD21828E5730096B67D /* NXLoginViewController.h */,
				47984BD31828E5730096B67D /* NXLoginViewController.m */,
			);
			path = controllers;
			sourceTree = "<group>";
		};
		BA8344821828A0B900291B81 /* models */ = {
			isa = PBXGroup;
			children = (
			);
			path = models;
			sourceTree = "<group>";
		};
		BA8344831828A0B900291B81 /* vendors */ = {
			isa = PBXGroup;
			children = (
				BA8344851828D3D400291B81 /* AFNetworking */,
				BA8344991828D3D400291B81 /* asyncSocket */,
				BA83449E1828D3D400291B81 /* fmdb */,
				BA8344AA1828D3D400291B81 /* UIKit+AFNetworking */,
				BA8344BA1828D3D400291B81 /* Underscore */,
			);
			path = vendors;
			sourceTree = "<group>";
		};
		BA8344841828A0B900291B81 /* views */ = {
			isa = PBXGroup;
			children = (
			);
			path = views;
			sourceTree = "<group>";
		};
		BA8344851828D3D400291B81 /* AFNetworking */ = {
			isa = PBXGroup;
			children = (
				BA8344861828D3D400291B81 /* AFHTTPRequestOperation.h */,
				BA8344871828D3D400291B81 /* AFHTTPRequestOperation.m */,
				BA8344881828D3D400291B81 /* AFHTTPRequestOperationManager.h */,
				BA8344891828D3D400291B81 /* AFHTTPRequestOperationManager.m */,
				BA83448A1828D3D400291B81 /* AFHTTPSessionManager.h */,
				BA83448B1828D3D400291B81 /* AFHTTPSessionManager.m */,
				BA83448C1828D3D400291B81 /* AFNetworking.h */,
				BA83448D1828D3D400291B81 /* AFNetworkReachabilityManager.h */,
				BA83448E1828D3D400291B81 /* AFNetworkReachabilityManager.m */,
				BA83448F1828D3D400291B81 /* AFSecurityPolicy.h */,
				BA8344901828D3D400291B81 /* AFSecurityPolicy.m */,
				BA8344911828D3D400291B81 /* AFURLConnectionOperation.h */,
				BA8344921828D3D400291B81 /* AFURLConnectionOperation.m */,
				BA8344931828D3D400291B81 /* AFURLRequestSerialization.h */,
				BA8344941828D3D400291B81 /* AFURLRequestSerialization.m */,
				BA8344951828D3D400291B81 /* AFURLResponseSerialization.h */,
				BA8344961828D3D400291B81 /* AFURLResponseSerialization.m */,
				BA8344971828D3D400291B81 /* AFURLSessionManager.h */,
				BA8344981828D3D400291B81 /* AFURLSessionManager.m */,
			);
			path = AFNetworking;
			sourceTree = "<group>";
		};
		BA8344991828D3D400291B81 /* asyncSocket */ = {
			isa = PBXGroup;
			children = (
				BA83449A1828D3D400291B81 /* GCDAsyncSocket.h */,
				BA83449B1828D3D400291B81 /* GCDAsyncSocket.m */,
				BA83449C1828D3D400291B81 /* GCDAsyncUdpSocket.h */,
				BA83449D1828D3D400291B81 /* GCDAsyncUdpSocket.m */,
			);
			path = asyncSocket;
			sourceTree = "<group>";
		};
		BA83449E1828D3D400291B81 /* fmdb */ = {
			isa = PBXGroup;
			children = (
				BA83449F1828D3D400291B81 /* FMDatabase.h */,
				BA8344A01828D3D400291B81 /* FMDatabase.m */,
				BA8344A11828D3D400291B81 /* FMDatabaseAdditions.h */,
				BA8344A21828D3D400291B81 /* FMDatabaseAdditions.m */,
				BA8344A31828D3D400291B81 /* FMDatabasePool.h */,
				BA8344A41828D3D400291B81 /* FMDatabasePool.m */,
				BA8344A51828D3D400291B81 /* FMDatabaseQueue.h */,
				BA8344A61828D3D400291B81 /* FMDatabaseQueue.m */,
				BA8344A81828D3D400291B81 /* FMResultSet.h */,
				BA8344A91828D3D400291B81 /* FMResultSet.m */,
			);
			path = fmdb;
			sourceTree = "<group>";
		};
		BA8344AA1828D3D400291B81 /* UIKit+AFNetworking */ = {
			isa = PBXGroup;
			children = (
				BA8344AB1828D3D400291B81 /* AFNetworkActivityIndicatorManager.h */,
				BA8344AC1828D3D400291B81 /* AFNetworkActivityIndicatorManager.m */,
				BA8344AD1828D3D400291B81 /* UIActivityIndicatorView+AFNetworking.h */,
				BA8344AE1828D3D400291B81 /* UIActivityIndicatorView+AFNetworking.m */,
				BA8344AF1828D3D400291B81 /* UIAlertView+AFNetworking.h */,
				BA8344B01828D3D400291B81 /* UIAlertView+AFNetworking.m */,
				BA8344B11828D3D400291B81 /* UIButton+AFNetworking.h */,
				BA8344B21828D3D400291B81 /* UIButton+AFNetworking.m */,
				BA8344B31828D3D400291B81 /* UIImageView+AFNetworking.h */,
				BA8344B41828D3D400291B81 /* UIImageView+AFNetworking.m */,
				BA8344B51828D3D400291B81 /* UIKit+AFNetworking.h */,
				BA8344B61828D3D400291B81 /* UIProgressView+AFNetworking.h */,
				BA8344B71828D3D400291B81 /* UIProgressView+AFNetworking.m */,
				BA8344B81828D3D400291B81 /* UIWebView+AFNetworking.h */,
				BA8344B91828D3D400291B81 /* UIWebView+AFNetworking.m */,
			);
			path = "UIKit+AFNetworking";
			sourceTree = "<group>";
		};
		BA8344BA1828D3D400291B81 /* Underscore */ = {
			isa = PBXGroup;
			children = (
				BA8344BB1828D3D400291B81 /* Underscore+Functional.h */,
				BA8344BC1828D3D400291B81 /* Underscore+Functional.m */,
				BA8344BD1828D3D400291B81 /* Underscore-Prefix.pch */,
				BA8344BE1828D3D400291B81 /* Underscore.h */,
				BA8344BF1828D3D400291B81 /* Underscore.m */,
				BA8344C01828D3D400291B81 /* USArrayWrapper.h */,
				BA8344C11828D3D400291B81 /* USArrayWrapper.m */,
				BA8344C21828D3D400291B81 /* USConstants.h */,
				BA8344C31828D3D400291B81 /* USDictionaryWrapper.h */,
				BA8344C41828D3D400291B81 /* USDictionaryWrapper.m */,
			);
			path = Underscore;
			sourceTree = "<group>";
		};
/* End PBXGroup section */

/* Begin PBXNativeTarget section */
		BA83444518289FE300291B81 /* social */ = {
			isa = PBXNativeTarget;
			buildConfigurationList = BA83447B18289FE300291B81 /* Build configuration list for PBXNativeTarget "social" */;
			buildPhases = (
				BA83444218289FE300291B81 /* Sources */,
				BA83444318289FE300291B81 /* Frameworks */,
				BA83444418289FE300291B81 /* Resources */,
			);
			buildRules = (
			);
			dependencies = (
			);
			name = social;
			productName = social;
			productReference = BA83444618289FE300291B81 /* social.app */;
			productType = "com.apple.product-type.application";
		};
		BA83446918289FE300291B81 /* socialTests */ = {
			isa = PBXNativeTarget;
			buildConfigurationList = BA83447E18289FE300291B81 /* Build configuration list for PBXNativeTarget "socialTests" */;
			buildPhases = (
				BA83446618289FE300291B81 /* Sources */,
				BA83446718289FE300291B81 /* Frameworks */,
				BA83446818289FE300291B81 /* Resources */,
			);
			buildRules = (
			);
			dependencies = (
				BA83447018289FE300291B81 /* PBXTargetDependency */,
			);
			name = socialTests;
			productName = socialTests;
			productReference = BA83446A18289FE300291B81 /* socialTests.xctest */;
			productType = "com.apple.product-type.bundle.unit-test";
		};
/* End PBXNativeTarget section */

/* Begin PBXProject section */
		BA83443E18289FE300291B81 /* Project object */ = {
			isa = PBXProject;
			attributes = {
				CLASSPREFIX = NX;
				LastUpgradeCheck = 0500;
				ORGANIZATIONNAME = itelland;
				TargetAttributes = {
					BA83446918289FE300291B81 = {
						TestTargetID = BA83444518289FE300291B81;
					};
				};
			};
			buildConfigurationList = BA83444118289FE300291B81 /* Build configuration list for PBXProject "social" */;
			compatibilityVersion = "Xcode 3.2";
			developmentRegion = English;
			hasScannedForEncodings = 0;
			knownRegions = (
				en,
				Base,
			);
			mainGroup = BA83443D18289FE300291B81;
			productRefGroup = BA83444718289FE300291B81 /* Products */;
			projectDirPath = "";
			projectRoot = "";
			targets = (
				BA83444518289FE300291B81 /* social */,
				BA83446918289FE300291B81 /* socialTests */,
			);
		};
/* End PBXProject section */

/* Begin PBXResourcesBuildPhase section */
		BA83444418289FE300291B81 /* Resources */ = {
			isa = PBXResourcesBuildPhase;
			buildActionMask = 2147483647;
			files = (
				BA83446018289FE300291B81 /* Main_iPad.storyboard in Resources */,
				BA83446518289FE300291B81 /* Images.xcassets in Resources */,
				BA83445D18289FE300291B81 /* Main_iPhone.storyboard in Resources */,
				BA83445418289FE300291B81 /* InfoPlist.strings in Resources */,
			);
			runOnlyForDeploymentPostprocessing = 0;
		};
		BA83446818289FE300291B81 /* Resources */ = {
			isa = PBXResourcesBuildPhase;
			buildActionMask = 2147483647;
			files = (
				BA83447618289FE300291B81 /* InfoPlist.strings in Resources */,
			);
			runOnlyForDeploymentPostprocessing = 0;
		};
/* End PBXResourcesBuildPhase section */

/* Begin PBXSourcesBuildPhase section */
		BA83444218289FE300291B81 /* Sources */ = {
			isa = PBXSourcesBuildPhase;
			buildActionMask = 2147483647;
			files = (
				BA8344C51828D3D400291B81 /* AFHTTPRequestOperation.m in Sources */,
				BA8344CE1828D3D400291B81 /* GCDAsyncSocket.m in Sources */,
				BA8344DE1828D3D400291B81 /* Underscore.m in Sources */,
				BA8344DF1828D3D400291B81 /* USArrayWrapper.m in Sources */,
				BA8344DD1828D3D400291B81 /* Underscore+Functional.m in Sources */,
				BA83445A18289FE300291B81 /* NXAppDelegate.m in Sources */,
				BA8344D01828D3D400291B81 /* FMDatabase.m in Sources */,
				BA8344C61828D3D400291B81 /* AFHTTPRequestOperationManager.m in Sources */,
				BA8344D61828D3D400291B81 /* AFNetworkActivityIndicatorManager.m in Sources */,
				BA8344CF1828D3D400291B81 /* GCDAsyncUdpSocket.m in Sources */,
				BA8344C81828D3D400291B81 /* AFNetworkReachabilityManager.m in Sources */,
				BA8344D11828D3D400291B81 /* FMDatabaseAdditions.m in Sources */,
				BA8344CC1828D3D400291B81 /* AFURLResponseSerialization.m in Sources */,
				BA8344DC1828D3D400291B81 /* UIWebView+AFNetworking.m in Sources */,
				BA8344DA1828D3D400291B81 /* UIImageView+AFNetworking.m in Sources */,
				BA8344DB1828D3D400291B81 /* UIProgressView+AFNetworking.m in Sources */,
				BA8344CA1828D3D400291B81 /* AFURLConnectionOperation.m in Sources */,
				BA8344C91828D3D400291B81 /* AFSecurityPolicy.m in Sources */,
				BA8344C71828D3D400291B81 /* AFHTTPSessionManager.m in Sources */,
				BA8344D91828D3D400291B81 /* UIButton+AFNetworking.m in Sources */,
				BA8344D71828D3D400291B81 /* UIActivityIndicatorView+AFNetworking.m in Sources */,
				BA8344CB1828D3D400291B81 /* AFURLRequestSerialization.m in Sources */,
				BA8344D51828D3D400291B81 /* FMResultSet.m in Sources */,
				BA8344CD1828D3D400291B81 /* AFURLSessionManager.m in Sources */,
				BA83445618289FE300291B81 /* main.m in Sources */,
				BA8344E01828D3D400291B81 /* USDictionaryWrapper.m in Sources */,
				BA83446318289FE300291B81 /* NXViewController.m in Sources */,
				BA8344D21828D3D400291B81 /* FMDatabasePool.m in Sources */,
				BA8344D31828D3D400291B81 /* FMDatabaseQueue.m in Sources */,
				47984BD41828E5730096B67D /* NXLoginViewController.m in Sources */,
				BA8344D81828D3D400291B81 /* UIAlertView+AFNetworking.m in Sources */,
			);
			runOnlyForDeploymentPostprocessing = 0;
		};
		BA83446618289FE300291B81 /* Sources */ = {
			isa = PBXSourcesBuildPhase;
			buildActionMask = 2147483647;
			files = (
				BA83447818289FE300291B81 /* socialTests.m in Sources */,
			);
			runOnlyForDeploymentPostprocessing = 0;
		};
/* End PBXSourcesBuildPhase section */

/* Begin PBXTargetDependency section */
		BA83447018289FE300291B81 /* PBXTargetDependency */ = {
			isa = PBXTargetDependency;
			target = BA83444518289FE300291B81 /* social */;
			targetProxy = BA83446F18289FE300291B81 /* PBXContainerItemProxy */;
		};
/* End PBXTargetDependency section */

/* Begin PBXVariantGroup section */
		BA83445218289FE300291B81 /* InfoPlist.strings */ = {
			isa = PBXVariantGroup;
			children = (
				BA83445318289FE300291B81 /* en */,
			);
			name = InfoPlist.strings;
			sourceTree = "<group>";
		};
		BA83445B18289FE300291B81 /* Main_iPhone.storyboard */ = {
			isa = PBXVariantGroup;
			children = (
				BA83445C18289FE300291B81 /* Base */,
			);
			name = Main_iPhone.storyboard;
			sourceTree = "<group>";
		};
		BA83445E18289FE300291B81 /* Main_iPad.storyboard */ = {
			isa = PBXVariantGroup;
			children = (
				BA83445F18289FE300291B81 /* Base */,
			);
			name = Main_iPad.storyboard;
			sourceTree = "<group>";
		};
		BA83447418289FE300291B81 /* InfoPlist.strings */ = {
			isa = PBXVariantGroup;
			children = (
				BA83447518289FE300291B81 /* en */,
			);
			name = InfoPlist.strings;
			sourceTree = "<group>";
		};
/* End PBXVariantGroup section */

/* Begin XCBuildConfiguration section */
		BA83447918289FE300291B81 /* Debug */ = {
			isa = XCBuildConfiguration;
			buildSettings = {
				ALWAYS_SEARCH_USER_PATHS = NO;
				ARCHS = "$(ARCHS_STANDARD_INCLUDING_64_BIT)";
				CLANG_CXX_LANGUAGE_STANDARD = "gnu++0x";
				CLANG_CXX_LIBRARY = "libc++";
				CLANG_ENABLE_MODULES = YES;
				CLANG_ENABLE_OBJC_ARC = YES;
				CLANG_WARN_BOOL_CONVERSION = YES;
				CLANG_WARN_CONSTANT_CONVERSION = YES;
				CLANG_WARN_DIRECT_OBJC_ISA_USAGE = YES_ERROR;
				CLANG_WARN_EMPTY_BODY = YES;
				CLANG_WARN_ENUM_CONVERSION = YES;
				CLANG_WARN_INT_CONVERSION = YES;
				CLANG_WARN_OBJC_ROOT_CLASS = YES_ERROR;
				CLANG_WARN__DUPLICATE_METHOD_MATCH = YES;
				"CODE_SIGN_IDENTITY[sdk=iphoneos*]" = "iPhone Developer";
				COPY_PHASE_STRIP = NO;
				GCC_C_LANGUAGE_STANDARD = gnu99;
				GCC_DYNAMIC_NO_PIC = NO;
				GCC_OPTIMIZATION_LEVEL = 0;
				GCC_PREPROCESSOR_DEFINITIONS = (
					"DEBUG=1",
					"$(inherited)",
				);
				GCC_SYMBOLS_PRIVATE_EXTERN = NO;
				GCC_WARN_64_TO_32_BIT_CONVERSION = YES;
				GCC_WARN_ABOUT_RETURN_TYPE = YES_ERROR;
				GCC_WARN_UNDECLARED_SELECTOR = YES;
				GCC_WARN_UNINITIALIZED_AUTOS = YES;
				GCC_WARN_UNUSED_FUNCTION = YES;
				GCC_WARN_UNUSED_VARIABLE = YES;
				IPHONEOS_DEPLOYMENT_TARGET = 7.0;
				ONLY_ACTIVE_ARCH = YES;
				SDKROOT = iphoneos;
				TARGETED_DEVICE_FAMILY = "1,2";
			};
			name = Debug;
		};
		BA83447A18289FE300291B81 /* Release */ = {
			isa = XCBuildConfiguration;
			buildSettings = {
				ALWAYS_SEARCH_USER_PATHS = NO;
				ARCHS = "$(ARCHS_STANDARD_INCLUDING_64_BIT)";
				CLANG_CXX_LANGUAGE_STANDARD = "gnu++0x";
				CLANG_CXX_LIBRARY = "libc++";
				CLANG_ENABLE_MODULES = YES;
				CLANG_ENABLE_OBJC_ARC = YES;
				CLANG_WARN_BOOL_CONVERSION = YES;
				CLANG_WARN_CONSTANT_CONVERSION = YES;
				CLANG_WARN_DIRECT_OBJC_ISA_USAGE = YES_ERROR;
				CLANG_WARN_EMPTY_BODY = YES;
				CLANG_WARN_ENUM_CONVERSION = YES;
				CLANG_WARN_INT_CONVERSION = YES;
				CLANG_WARN_OBJC_ROOT_CLASS = YES_ERROR;
				CLANG_WARN__DUPLICATE_METHOD_MATCH = YES;
				"CODE_SIGN_IDENTITY[sdk=iphoneos*]" = "iPhone Developer";
				COPY_PHASE_STRIP = YES;
				ENABLE_NS_ASSERTIONS = NO;
				GCC_C_LANGUAGE_STANDARD = gnu99;
				GCC_WARN_64_TO_32_BIT_CONVERSION = YES;
				GCC_WARN_ABOUT_RETURN_TYPE = YES_ERROR;
				GCC_WARN_UNDECLARED_SELECTOR = YES;
				GCC_WARN_UNINITIALIZED_AUTOS = YES;
				GCC_WARN_UNUSED_FUNCTION = YES;
				GCC_WARN_UNUSED_VARIABLE = YES;
				IPHONEOS_DEPLOYMENT_TARGET = 7.0;
				SDKROOT = iphoneos;
				TARGETED_DEVICE_FAMILY = "1,2";
				VALIDATE_PRODUCT = YES;
			};
			name = Release;
		};
		BA83447C18289FE300291B81 /* Debug */ = {
			isa = XCBuildConfiguration;
			buildSettings = {
				ASSETCATALOG_COMPILER_APPICON_NAME = AppIcon;
				ASSETCATALOG_COMPILER_LAUNCHIMAGE_NAME = LaunchImage;
				GCC_PRECOMPILE_PREFIX_HEADER = YES;
				GCC_PREFIX_HEADER = "social/social-Prefix.pch";
				INFOPLIST_FILE = "social/social-Info.plist";
				IPHONEOS_DEPLOYMENT_TARGET = 6.1;
				PRODUCT_NAME = "$(TARGET_NAME)";
				WRAPPER_EXTENSION = app;
			};
			name = Debug;
		};
		BA83447D18289FE300291B81 /* Release */ = {
			isa = XCBuildConfiguration;
			buildSettings = {
				ASSETCATALOG_COMPILER_APPICON_NAME = AppIcon;
				ASSETCATALOG_COMPILER_LAUNCHIMAGE_NAME = LaunchImage;
				GCC_PRECOMPILE_PREFIX_HEADER = YES;
				GCC_PREFIX_HEADER = "social/social-Prefix.pch";
				INFOPLIST_FILE = "social/social-Info.plist";
				IPHONEOS_DEPLOYMENT_TARGET = 6.1;
				PRODUCT_NAME = "$(TARGET_NAME)";
				WRAPPER_EXTENSION = app;
			};
			name = Release;
		};
		BA83447F18289FE300291B81 /* Debug */ = {
			isa = XCBuildConfiguration;
			buildSettings = {
				ARCHS = "$(ARCHS_STANDARD_INCLUDING_64_BIT)";
				BUNDLE_LOADER = "$(BUILT_PRODUCTS_DIR)/social.app/social";
				FRAMEWORK_SEARCH_PATHS = (
					"$(SDKROOT)/Developer/Library/Frameworks",
					"$(inherited)",
					"$(DEVELOPER_FRAMEWORKS_DIR)",
				);
				GCC_PRECOMPILE_PREFIX_HEADER = YES;
				GCC_PREFIX_HEADER = "social/social-Prefix.pch";
				GCC_PREPROCESSOR_DEFINITIONS = (
					"DEBUG=1",
					"$(inherited)",
				);
				INFOPLIST_FILE = "socialTests/socialTests-Info.plist";
				PRODUCT_NAME = "$(TARGET_NAME)";
				TEST_HOST = "$(BUNDLE_LOADER)";
				WRAPPER_EXTENSION = xctest;
			};
			name = Debug;
		};
		BA83448018289FE300291B81 /* Release */ = {
			isa = XCBuildConfiguration;
			buildSettings = {
				ARCHS = "$(ARCHS_STANDARD_INCLUDING_64_BIT)";
				BUNDLE_LOADER = "$(BUILT_PRODUCTS_DIR)/social.app/social";
				FRAMEWORK_SEARCH_PATHS = (
					"$(SDKROOT)/Developer/Library/Frameworks",
					"$(inherited)",
					"$(DEVELOPER_FRAMEWORKS_DIR)",
				);
				GCC_PRECOMPILE_PREFIX_HEADER = YES;
				GCC_PREFIX_HEADER = "social/social-Prefix.pch";
				INFOPLIST_FILE = "socialTests/socialTests-Info.plist";
				PRODUCT_NAME = "$(TARGET_NAME)";
				TEST_HOST = "$(BUNDLE_LOADER)";
				WRAPPER_EXTENSION = xctest;
			};
			name = Release;
		};
/* End XCBuildConfiguration section */

/* Begin XCConfigurationList section */
		BA83444118289FE300291B81 /* Build configuration list for PBXProject "social" */ = {
			isa = XCConfigurationList;
			buildConfigurations = (
				BA83447918289FE300291B81 /* Debug */,
				BA83447A18289FE300291B81 /* Release */,
			);
			defaultConfigurationIsVisible = 0;
			defaultConfigurationName = Release;
		};
		BA83447B18289FE300291B81 /* Build configuration list for PBXNativeTarget "social" */ = {
			isa = XCConfigurationList;
			buildConfigurations = (
				BA83447C18289FE300291B81 /* Debug */,
				BA83447D18289FE300291B81 /* Release */,
			);
			defaultConfigurationIsVisible = 0;
			defaultConfigurationName = Release;
		};
		BA83447E18289FE300291B81 /* Build configuration list for PBXNativeTarget "socialTests" */ = {
			isa = XCConfigurationList;
			buildConfigurations = (
				BA83447F18289FE300291B81 /* Debug */,
				BA83448018289FE300291B81 /* Release */,
			);
			defaultConfigurationIsVisible = 0;
			defaultConfigurationName = Release;
		};
/* End XCConfigurationList section */
	};
	rootObject = BA83443E18289FE300291B81 /* Project object */;
}
